
Microsoft Visual Studio Solution File, Format Version 12.00
# Visual Studio Version 17
VisualStudioVersion = 17.9.34714.143
MinimumVisualStudioVersion = 10.0.40219.1
Project("{FAE04EC0-301F-11D3-BF4B-00C04F79EFBC}") = "SimpleProductApi", "SimpleProductApi\SimpleProductApi.csproj", "{B7F135AB-515E-4534-AC8C-7C8F603FDFBF}"
EndProject
Project("{FAE04EC0-301F-11D3-BF4B-00C04F79EFBC}") = "SimpleProductApiTest", "SimpleProductApiTest\SimpleProductApiTest.csproj", "{BAB75374-429E-4F3C-93C6-C451E754247E}"
EndProject
Project("{E53339B2-1760-4266-BCC7-CA923CBCF16C}") = "docker-compose", "docker-compose.dcproj", "{6CE0B6C1-4722-482B-B9FB-13CC17C64B55}"
EndProject
Global
	GlobalSection(SolutionConfigurationPlatforms) = preSolution
		Debug|Any CPU = Debug|Any CPU
		Release|Any CPU = Release|Any CPU
	EndGlobalSection
	GlobalSection(ProjectConfigurationPlatforms) = postSolution
		{B7F135AB-515E-4534-AC8C-7C8F603FDFBF}.Debug|Any CPU.ActiveCfg = Debug|Any CPU
		{B7F135AB-515E-4534-AC8C-7C8F603FDFBF}.Debug|Any CPU.Build.0 = Debug|Any CPU
		{B7F135AB-515E-4534-AC8C-7C8F603FDFBF}.Release|Any CPU.ActiveCfg = Release|Any CPU
		{B7F135AB-515E-4534-AC8C-7C8F603FDFBF}.Release|Any CPU.Build.0 = Release|Any CPU
		{BAB75374-429E-4F3C-93C6-C451E754247E}.Debug|Any CPU.ActiveCfg = Debug|Any CPU
		{BAB75374-429E-4F3C-93C6-C451E754247E}.Debug|Any CPU.Build.0 = Debug|Any CPU
		{BAB75374-429E-4F3C-93C6-C451E754247E}.Release|Any CPU.ActiveCfg = Release|Any CPU
		{BAB75374-429E-4F3C-93C6-C451E754247E}.Release|Any CPU.Build.0 = Release|Any CPU
		{6CE0B6C1-4722-482B-B9FB-13CC17C64B55}.Debug|Any CPU.ActiveCfg = Debug|Any CPU
		{6CE0B6C1-4722-482B-B9FB-13CC17C64B55}.Debug|Any CPU.Build.0 = Debug|Any CPU
		{6CE0B6C1-4722-482B-B9FB-13CC17C64B55}.Release|Any CPU.ActiveCfg = Release|Any CPU
		{6CE0B6C1-4722-482B-B9FB-13CC17C64B55}.Release|Any CPU.Build.0 = Release|Any CPU
	EndGlobalSection
	GlobalSection(SolutionProperties) = preSolution
		HideSolutionNode = FALSE
	EndGlobalSection
	GlobalSection(ExtensibilityGlobals) = postSolution
		SolutionGuid = {D2D07116-8849-485B-9A32-D1B7D1D3AB2B}
	EndGlobalSection
EndGlobal
